
Microsoft Visual Studio Solution File, Format Version 12.00
# Visual Studio Version 16
VisualStudioVersion = 16.0.32106.194
MinimumVisualStudioVersion = 10.0.40219.1
Project("{9A19103F-16F7-4668-BE54-9A1E7A4F7556}") = "InterestRateCalculator.WebApp", "InterestRateCalculator.WebApp\InterestRateCalculator.WebApp.csproj", "{133F302A-E005-42B9-B3E6-62A8689CEE3B}"
EndProject
Project("{FAE04EC0-301F-11D3-BF4B-00C04F79EFBC}") = "InterestRateCalculator.Domain", "InterestRateCalculator.Domain\InterestRateCalculator.Domain.csproj", "{52E2A5F7-EF6D-4D5E-A23D-EEF9EA5E4508}"
EndProject
Project("{FAE04EC0-301F-11D3-BF4B-00C04F79EFBC}") = "InterestRateCalculator.DataProvider", "InterestRateCalculator.Data\InterestRateCalculator.DataProvider.csproj", "{53DBCF88-AD44-4AD1-A11E-91830D99ED0B}"
EndProject
Project("{2150E333-8FDC-42A3-9474-1A3956D46DE8}") = "Tests", "Tests", "{01AAE50B-E7CC-4FBD-8B61-D6D72E87A487}"
EndProject
Project("{FAE04EC0-301F-11D3-BF4B-00C04F79EFBC}") = "InterestRateCalculator.WebApp.Test", "InterestRateCalculator.WebApp.Test\InterestRateCalculator.WebApp.Test.csproj", "{A3B832E4-567E-42F5-A20A-BEA501018431}"
EndProject
Project("{FAE04EC0-301F-11D3-BF4B-00C04F79EFBC}") = "InterestRateCalculator.Domain.Test", "InterestRateCalculator.Domain.Test\InterestRateCalculator.Domain.Test.csproj", "{EED668DD-C3E6-421F-B45A-F1AB34117F8F}"
EndProject
Global
	GlobalSection(SolutionConfigurationPlatforms) = preSolution
		Debug|Any CPU = Debug|Any CPU
		Release|Any CPU = Release|Any CPU
	EndGlobalSection
	GlobalSection(ProjectConfigurationPlatforms) = postSolution
		{133F302A-E005-42B9-B3E6-62A8689CEE3B}.Debug|Any CPU.ActiveCfg = Debug|Any CPU
		{133F302A-E005-42B9-B3E6-62A8689CEE3B}.Debug|Any CPU.Build.0 = Debug|Any CPU
		{133F302A-E005-42B9-B3E6-62A8689CEE3B}.Release|Any CPU.ActiveCfg = Release|Any CPU
		{133F302A-E005-42B9-B3E6-62A8689CEE3B}.Release|Any CPU.Build.0 = Release|Any CPU
		{52E2A5F7-EF6D-4D5E-A23D-EEF9EA5E4508}.Debug|Any CPU.ActiveCfg = Debug|Any CPU
		{52E2A5F7-EF6D-4D5E-A23D-EEF9EA5E4508}.Debug|Any CPU.Build.0 = Debug|Any CPU
		{52E2A5F7-EF6D-4D5E-A23D-EEF9EA5E4508}.Release|Any CPU.ActiveCfg = Release|Any CPU
		{52E2A5F7-EF6D-4D5E-A23D-EEF9EA5E4508}.Release|Any CPU.Build.0 = Release|Any CPU
		{53DBCF88-AD44-4AD1-A11E-91830D99ED0B}.Debug|Any CPU.ActiveCfg = Debug|Any CPU
		{53DBCF88-AD44-4AD1-A11E-91830D99ED0B}.Debug|Any CPU.Build.0 = Debug|Any CPU
		{53DBCF88-AD44-4AD1-A11E-91830D99ED0B}.Release|Any CPU.ActiveCfg = Release|Any CPU
		{53DBCF88-AD44-4AD1-A11E-91830D99ED0B}.Release|Any CPU.Build.0 = Release|Any CPU
		{A3B832E4-567E-42F5-A20A-BEA501018431}.Debug|Any CPU.ActiveCfg = Debug|Any CPU
		{A3B832E4-567E-42F5-A20A-BEA501018431}.Debug|Any CPU.Build.0 = Debug|Any CPU
		{A3B832E4-567E-42F5-A20A-BEA501018431}.Release|Any CPU.ActiveCfg = Release|Any CPU
		{A3B832E4-567E-42F5-A20A-BEA501018431}.Release|Any CPU.Build.0 = Release|Any CPU
		{EED668DD-C3E6-421F-B45A-F1AB34117F8F}.Debug|Any CPU.ActiveCfg = Debug|Any CPU
		{EED668DD-C3E6-421F-B45A-F1AB34117F8F}.Debug|Any CPU.Build.0 = Debug|Any CPU
		{EED668DD-C3E6-421F-B45A-F1AB34117F8F}.Release|Any CPU.ActiveCfg = Release|Any CPU
		{EED668DD-C3E6-421F-B45A-F1AB34117F8F}.Release|Any CPU.Build.0 = Release|Any CPU
	EndGlobalSection
	GlobalSection(SolutionProperties) = preSolution
		HideSolutionNode = FALSE
	EndGlobalSection
	GlobalSection(NestedProjects) = preSolution
		{A3B832E4-567E-42F5-A20A-BEA501018431} = {01AAE50B-E7CC-4FBD-8B61-D6D72E87A487}
		{EED668DD-C3E6-421F-B45A-F1AB34117F8F} = {01AAE50B-E7CC-4FBD-8B61-D6D72E87A487}
	EndGlobalSection
	GlobalSection(ExtensibilityGlobals) = postSolution
		SolutionGuid = {4A7B7BBF-610F-4CCC-B303-65443CD1B2F0}
	EndGlobalSection
EndGlobal
