
Microsoft Visual Studio Solution File, Format Version 12.00
# Visual Studio Version 16
VisualStudioVersion = 16.0.32106.194
MinimumVisualStudioVersion = 10.0.40219.1
Project("{FAE04EC0-301F-11D3-BF4B-00C04F79EFBC}") = "InterestRateCalculator.WebApp", "InterestRateCalculator.WebApp\InterestRateCalculator.WebApp.csproj", "{133F302A-E005-42B9-B3E6-62A8689CEE3B}"
EndProject
Global
	GlobalSection(SolutionConfigurationPlatforms) = preSolution
		Debug|Any CPU = Debug|Any CPU
		Release|Any CPU = Release|Any CPU
	EndGlobalSection
	GlobalSection(ProjectConfigurationPlatforms) = postSolution
		{133F302A-E005-42B9-B3E6-62A8689CEE3B}.Debug|Any CPU.ActiveCfg = Debug|Any CPU
		{133F302A-E005-42B9-B3E6-62A8689CEE3B}.Debug|Any CPU.Build.0 = Debug|Any CPU
		{133F302A-E005-42B9-B3E6-62A8689CEE3B}.Release|Any CPU.ActiveCfg = Release|Any CPU
		{133F302A-E005-42B9-B3E6-62A8689CEE3B}.Release|Any CPU.Build.0 = Release|Any CPU
	EndGlobalSection
	GlobalSection(SolutionProperties) = preSolution
		HideSolutionNode = FALSE
	EndGlobalSection
	GlobalSection(ExtensibilityGlobals) = postSolution
		SolutionGuid = {4A7B7BBF-610F-4CCC-B303-65443CD1B2F0}
	EndGlobalSection
EndGlobal
